PODS:
  - boost-for-react-native (1.63.0)
  - DoubleConversion (1.1.5)
  - Firebase/Core (4.13.0):
    - FirebaseAnalytics (= 4.2.0)
    - FirebaseCore (= 4.0.20)
  - Firebase/Messaging (4.13.0):
    - Firebase/Core
    - FirebaseMessaging (= 2.2.0)
  - FirebaseAnalytics (4.2.0):
    - FirebaseCore (~> 4.0)
    - FirebaseInstanceID (~> 2.0)
    - "GoogleToolboxForMac/NSData+zlib (~> 2.1)"
    - nanopb (~> 0.3)
  - FirebaseCore (4.0.20):
    - "GoogleToolboxForMac/NSData+zlib (~> 2.1)"
  - FirebaseInstanceID (2.0.10):
    - FirebaseCore (~> 4.0)
  - FirebaseMessaging (2.2.0):
    - FirebaseAnalytics (~> 4.1)
    - FirebaseCore (~> 4.0)
    - FirebaseInstanceID (~> 2.0)
    - GoogleToolboxForMac/Logger (~> 2.1)
    - Protobuf (~> 3.5)
  - Folly (2016.09.26.00):
    - boost-for-react-native
    - DoubleConversion
    - GLog
  - GLog (0.3.4)
  - Google-Maps-iOS-Utils (2.1.0):
    - Google-Maps-iOS-Utils/Clustering (= 2.1.0)
    - Google-Maps-iOS-Utils/Geometry (= 2.1.0)
    - Google-Maps-iOS-Utils/Heatmap (= 2.1.0)
    - Google-Maps-iOS-Utils/QuadTree (= 2.1.0)
    - GoogleMaps
  - Google-Maps-iOS-Utils/Clustering (2.1.0):
    - Google-Maps-iOS-Utils/QuadTree
    - GoogleMaps
  - Google-Maps-iOS-Utils/Geometry (2.1.0):
    - GoogleMaps
  - Google-Maps-iOS-Utils/Heatmap (2.1.0):
    - Google-Maps-iOS-Utils/QuadTree
    - GoogleMaps
  - Google-Maps-iOS-Utils/QuadTree (2.1.0):
    - GoogleMaps
  - GoogleMaps (2.5.0):
    - GoogleMaps/Maps (= 2.5.0)
  - GoogleMaps/Base (2.5.0)
  - GoogleMaps/Maps (2.5.0):
    - GoogleMaps/Base
  - GoogleToolboxForMac/Defines (2.1.4)
  - GoogleToolboxForMac/Logger (2.1.4):
    - GoogleToolboxForMac/Defines (= 2.1.4)
  - "GoogleToolboxForMac/NSData+zlib (2.1.4)":
    - GoogleToolboxForMac/Defines (= 2.1.4)
  - nanopb (0.3.8):
    - nanopb/decode (= 0.3.8)
    - nanopb/encode (= 0.3.8)
  - nanopb/decode (0.3.8)
  - nanopb/encode (0.3.8)
  - Protobuf (3.5.0)
  - React (0.53.0):
    - React/Core (= 0.53.0)
  - react-native-google-maps (0.21.0):
    - Google-Maps-iOS-Utils (= 2.1.0)
    - GoogleMaps (= 2.5.0)
    - React
  - react-native-maps (0.21.0):
    - React
  - React/Core (0.53.0):
    - yoga (= 0.53.0.React)
  - React/CxxBridge (0.53.0):
    - Folly (= 2016.09.26.00)
    - React/Core
    - React/cxxreact
  - React/cxxreact (0.53.0):
    - boost-for-react-native (= 1.63.0)
    - Folly (= 2016.09.26.00)
    - React/jschelpers
    - React/jsinspector
  - React/DevSupport (0.53.0):
    - React/Core
    - React/RCTWebSocket
  - React/fishhook (0.53.0)
  - React/jschelpers (0.53.0):
    - Folly (= 2016.09.26.00)
    - React/PrivateDatabase
  - React/jsinspector (0.53.0)
  - React/PrivateDatabase (0.53.0)
  - React/RCTActionSheet (0.53.0):
    - React/Core
  - React/RCTAnimation (0.53.0):
    - React/Core
  - React/RCTBlob (0.53.0):
    - React/Core
  - React/RCTGeolocation (0.53.0):
    - React/Core
  - React/RCTImage (0.53.0):
    - React/Core
    - React/RCTNetwork
  - React/RCTLinkingIOS (0.53.0):
    - React/Core
  - React/RCTNetwork (0.53.0):
    - React/Core
  - React/RCTSettings (0.53.0):
    - React/Core
  - React/RCTText (0.53.0):
    - React/Core
  - React/RCTVibration (0.53.0):
    - React/Core
  - React/RCTWebSocket (0.53.0):
    - React/Core
    - React/fishhook
    - React/RCTBlob
  - yoga (0.53.0.React)

DEPENDENCIES:
  - DoubleConversion (from `../node_modules/react-native/third-party-podspecs/DoubleConversion.podspec`)
  - Firebase/Core
  - Firebase/Messaging
  - Folly (from `../node_modules/react-native/third-party-podspecs/Folly.podspec`)
  - GLog (from `../node_modules/react-native/third-party-podspecs/GLog.podspec`)
  - Google-Maps-iOS-Utils
  - GoogleMaps
  - react-native-google-maps (from `../node_modules/react-native-maps`)
  - react-native-maps (from `../node_modules/react-native-maps`)
  - React/Core (from `../node_modules/react-native`)
  - React/CxxBridge (from `../node_modules/react-native`)
  - React/DevSupport (from `../node_modules/react-native`)
  - React/RCTActionSheet (from `../node_modules/react-native`)
  - React/RCTAnimation (from `../node_modules/react-native`)
  - React/RCTGeolocation (from `../node_modules/react-native`)
  - React/RCTImage (from `../node_modules/react-native`)
  - React/RCTLinkingIOS (from `../node_modules/react-native`)
  - React/RCTNetwork (from `../node_modules/react-native`)
  - React/RCTSettings (from `../node_modules/react-native`)
  - React/RCTText (from `../node_modules/react-native`)
  - React/RCTVibration (from `../node_modules/react-native`)
  - React/RCTWebSocket (from `../node_modules/react-native`)
  - yoga (from `../node_modules/react-native/ReactCommon/yoga/yoga.podspec`)

SPEC REPOS:
  https://github.com/CocoaPods/Specs.git:
    - boost-for-react-native
    - Firebase
    - FirebaseAnalytics
    - FirebaseCore
    - FirebaseInstanceID
    - FirebaseMessaging
    - Google-Maps-iOS-Utils
    - GoogleMaps
    - GoogleToolboxForMac
    - nanopb
    - Protobuf

EXTERNAL SOURCES:
  DoubleConversion:
    :podspec: "../node_modules/react-native/third-party-podspecs/DoubleConversion.podspec"
  Folly:
    :podspec: "../node_modules/react-native/third-party-podspecs/Folly.podspec"
  GLog:
    :podspec: "../node_modules/react-native/third-party-podspecs/GLog.podspec"
  React:
    :path: "../node_modules/react-native"
  react-native-google-maps:
    :path: "../node_modules/react-native-maps"
  react-native-maps:
    :path: "../node_modules/react-native-maps"
  yoga:
    :path: "../node_modules/react-native/ReactCommon/yoga/yoga.podspec"

SPEC CHECKSUMS:
  boost-for-react-native: 39c7adb57c4e60d6c5479dd8623128eb5b3f0f2c
  DoubleConversion: ebb6747c5b66026ad4f97b789c3ceac6f18e57a6
  Firebase: 5ec5e863d269d82d66b4bf56856726f8fb8f0fb3
  FirebaseAnalytics: 7ef69e76a5142f643aeb47c780e1cdce4e23632e
  FirebaseCore: 90cb1c53d69b556f112a1bf72b5fcfaad7650790
  FirebaseInstanceID: 8d20d890d65c917f9f7d9950b6e10a760ad34321
  FirebaseMessaging: 75cdb862e86c30e0913a2ff307e48d49357c5b73
  Folly: 0e765a0b56a1bf180dcbd51ee178cd3a1e2ab986
  GLog: ed471a3ad6ad53eefb343a530f15dad283e5ef51
  Google-Maps-iOS-Utils: c32891ff472eaaa1fca032beedafa1a013af7875
  GoogleMaps: c087b8e5dfe87ca6ebf59adb9b4894a4146bec4f
  GoogleToolboxForMac: 91c824d21e85b31c2aae9bb011c5027c9b4e738f
  nanopb: 5601e6bca2dbf1ed831b519092ec110f66982ca3
  Protobuf: 8a9838fba8dae3389230e1b7f8c104aa32389c03
  React: 988a7dbd5626e0dd4f4b63fb444fa7e3d975e5b7
  react-native-google-maps: 2cfe3b01f8422c7dae51d8764139fd70f888cfce
  react-native-maps: 066c2afcc89e18726377bcc685315f989ca22449
  yoga: 55da126afc384965b96bff46652464373b330add

PODFILE CHECKSUM: bdbe72ee47dc3118d463a73fb4235f98916afaeb

COCOAPODS: 1.5.0
